
Microsoft Visual Studio Solution File, Format Version 12.00
# Visual Studio Version 17
VisualStudioVersion = 17.9.34622.214
MinimumVisualStudioVersion = 10.0.40219.1
Project("{FAE04EC0-301F-11D3-BF4B-00C04F79EFBC}") = "MVCProject2", "MVCProject2\MVCProject2.csproj", "{0AE8AC4A-F7AA-499F-B30F-DDE15A91B7FC}"
EndProject
Global
	GlobalSection(SolutionConfigurationPlatforms) = preSolution
		Debug|Any CPU = Debug|Any CPU
		Release|Any CPU = Release|Any CPU
	EndGlobalSection
	GlobalSection(ProjectConfigurationPlatforms) = postSolution
		{0AE8AC4A-F7AA-499F-B30F-DDE15A91B7FC}.Debug|Any CPU.ActiveCfg = Debug|Any CPU
		{0AE8AC4A-F7AA-499F-B30F-DDE15A91B7FC}.Debug|Any CPU.Build.0 = Debug|Any CPU
		{0AE8AC4A-F7AA-499F-B30F-DDE15A91B7FC}.Release|Any CPU.ActiveCfg = Release|Any CPU
		{0AE8AC4A-F7AA-499F-B30F-DDE15A91B7FC}.Release|Any CPU.Build.0 = Release|Any CPU
	EndGlobalSection
	GlobalSection(SolutionProperties) = preSolution
		HideSolutionNode = FALSE
	EndGlobalSection
	GlobalSection(ExtensibilityGlobals) = postSolution
		SolutionGuid = {2D2B2464-BFEC-4874-ABF5-9C74D339D4D8}
	EndGlobalSection
EndGlobal
